PODS:
  - HXPhotoPicker (5.0.5):
    - HXPhotoPicker/Default (= 5.0.5)
  - HXPhotoPicker/Camera (5.0.5):
    - HXPhotoPicker/Camera/Lite (= 5.0.5)
    - HXPhotoPicker/Camera/Location (= 5.0.5)
  - HXPhotoPicker/Camera/Lite (5.0.5):
    - HXPhotoPicker/Core
  - HXPhotoPicker/Camera/Location (5.0.5):
    - HXPhotoPicker/Camera/Lite
  - HXPhotoPicker/Core (5.0.5):
    - HXPhotoPicker/Resources
  - HXPhotoPicker/Default (5.0.5):
    - HXPhotoPicker/Camera
    - HXPhotoPicker/Editor
    - HXPhotoPicker/Picker
  - HXPhotoPicker/Editor (5.0.5):
    - HXPhotoPicker/EditorView
  - HXPhotoPicker/EditorView (5.0.5):
    - HXPhotoPicker/Core
  - HXPhotoPicker/Picker (5.0.5):
    - HXPhotoPicker/Core
  - HXPhotoPicker/Resources (5.0.5)

DEPENDENCIES:
  - HXPhotoPicker (from `./`)

EXTERNAL SOURCES:
  HXPhotoPicker:
    :path: "./"

SPEC CHECKSUMS:
  HXPhotoPicker: 73952d15fa0ea68a4757b786a506bdf1e44895c4

PODFILE CHECKSUM: e8762af61101d956c191b66b8b0925e549dffcbd

COCOAPODS: 1.16.2
